
Microsoft Visual Studio Solution File, Format Version 12.00
# Visual Studio 2012
Project("{FAE04EC0-301F-11D3-BF4B-00C04F79EFBC}") = "PreScript.Core", "PreScript.Core\PreScript.Core.csproj", "{7C2DB9C2-EDEE-46AB-8FF9-011AE46FE9A5}"
EndProject
Project("{FAE04EC0-301F-11D3-BF4B-00C04F79EFBC}") = "PreScript", "PreScript\PreScript.csproj", "{AECE7B8F-EBBF-4A50-B423-950473026E95}"
EndProject
Global
	GlobalSection(SolutionConfigurationPlatforms) = preSolution
		Debug|Any CPU = Debug|Any CPU
		Release|Any CPU = Release|Any CPU
	EndGlobalSection
	GlobalSection(ProjectConfigurationPlatforms) = postSolution
		{7C2DB9C2-EDEE-46AB-8FF9-011AE46FE9A5}.Debug|Any CPU.ActiveCfg = Debug|Any CPU
		{7C2DB9C2-EDEE-46AB-8FF9-011AE46FE9A5}.Debug|Any CPU.Build.0 = Debug|Any CPU
		{7C2DB9C2-EDEE-46AB-8FF9-011AE46FE9A5}.Release|Any CPU.ActiveCfg = Release|Any CPU
		{7C2DB9C2-EDEE-46AB-8FF9-011AE46FE9A5}.Release|Any CPU.Build.0 = Release|Any CPU
		{AECE7B8F-EBBF-4A50-B423-950473026E95}.Debug|Any CPU.ActiveCfg = Debug|Any CPU
		{AECE7B8F-EBBF-4A50-B423-950473026E95}.Debug|Any CPU.Build.0 = Debug|Any CPU
		{AECE7B8F-EBBF-4A50-B423-950473026E95}.Release|Any CPU.ActiveCfg = Release|Any CPU
		{AECE7B8F-EBBF-4A50-B423-950473026E95}.Release|Any CPU.Build.0 = Release|Any CPU
	EndGlobalSection
	GlobalSection(SolutionProperties) = preSolution
		HideSolutionNode = FALSE
	EndGlobalSection
EndGlobal
